
Microsoft Visual Studio Solution File, Format Version 12.00
# Visual Studio Version 17
VisualStudioVersion = 17.8.34601.278
MinimumVisualStudioVersion = 10.0.40219.1
Project("{8BC9CEB8-8B4A-11D0-8D11-00A0C91BC942}") = "SortedList", "SortedList\SortedList.vcxproj", "{F1EE42C1-286C-4698-AE6D-EAAEE22FE49C}"
EndProject
Project("{8BC9CEB8-8B4A-11D0-8D11-00A0C91BC942}") = "doubleLinklist", "doubleLinklist\doubleLinklist.vcxproj", "{396C6A2C-CA4D-4E99-91DE-B653916B75E0}"
EndProject
Global
	GlobalSection(SolutionConfigurationPlatforms) = preSolution
		Debug|x64 = Debug|x64
		Debug|x86 = Debug|x86
		Release|x64 = Release|x64
		Release|x86 = Release|x86
	EndGlobalSection
	GlobalSection(ProjectConfigurationPlatforms) = postSolution
		{F1EE42C1-286C-4698-AE6D-EAAEE22FE49C}.Debug|x64.ActiveCfg = Debug|x64
		{F1EE42C1-286C-4698-AE6D-EAAEE22FE49C}.Debug|x64.Build.0 = Debug|x64
		{F1EE42C1-286C-4698-AE6D-EAAEE22FE49C}.Debug|x86.ActiveCfg = Debug|Win32
		{F1EE42C1-286C-4698-AE6D-EAAEE22FE49C}.Debug|x86.Build.0 = Debug|Win32
		{F1EE42C1-286C-4698-AE6D-EAAEE22FE49C}.Release|x64.ActiveCfg = Release|x64
		{F1EE42C1-286C-4698-AE6D-EAAEE22FE49C}.Release|x64.Build.0 = Release|x64
		{F1EE42C1-286C-4698-AE6D-EAAEE22FE49C}.Release|x86.ActiveCfg = Release|Win32
		{F1EE42C1-286C-4698-AE6D-EAAEE22FE49C}.Release|x86.Build.0 = Release|Win32
		{396C6A2C-CA4D-4E99-91DE-B653916B75E0}.Debug|x64.ActiveCfg = Debug|x64
		{396C6A2C-CA4D-4E99-91DE-B653916B75E0}.Debug|x64.Build.0 = Debug|x64
		{396C6A2C-CA4D-4E99-91DE-B653916B75E0}.Debug|x86.ActiveCfg = Debug|Win32
		{396C6A2C-CA4D-4E99-91DE-B653916B75E0}.Debug|x86.Build.0 = Debug|Win32
		{396C6A2C-CA4D-4E99-91DE-B653916B75E0}.Release|x64.ActiveCfg = Release|x64
		{396C6A2C-CA4D-4E99-91DE-B653916B75E0}.Release|x64.Build.0 = Release|x64
		{396C6A2C-CA4D-4E99-91DE-B653916B75E0}.Release|x86.ActiveCfg = Release|Win32
		{396C6A2C-CA4D-4E99-91DE-B653916B75E0}.Release|x86.Build.0 = Release|Win32
	EndGlobalSection
	GlobalSection(SolutionProperties) = preSolution
		HideSolutionNode = FALSE
	EndGlobalSection
	GlobalSection(ExtensibilityGlobals) = postSolution
		SolutionGuid = {759D1B8D-DC71-4E42-96CB-5995A6F6B1E0}
	EndGlobalSection
EndGlobal
