
Microsoft Visual Studio Solution File, Format Version 12.00
# Visual Studio Version 17
VisualStudioVersion = 17.8.34601.278
MinimumVisualStudioVersion = 10.0.40219.1
Project("{8BC9CEB8-8B4A-11D0-8D11-00A0C91BC942}") = "exam01", "exam01\exam01.vcxproj", "{BF9552C3-9396-47DF-BE4A-09D1127D37C5}"
EndProject
Project("{8BC9CEB8-8B4A-11D0-8D11-00A0C91BC942}") = "Queue", "Queue\Queue.vcxproj", "{1900D0F2-6ECB-4967-BC88-0888F82A32D6}"
EndProject
Global
	GlobalSection(SolutionConfigurationPlatforms) = preSolution
		Debug|x64 = Debug|x64
		Debug|x86 = Debug|x86
		Release|x64 = Release|x64
		Release|x86 = Release|x86
	EndGlobalSection
	GlobalSection(ProjectConfigurationPlatforms) = postSolution
		{BF9552C3-9396-47DF-BE4A-09D1127D37C5}.Debug|x64.ActiveCfg = Debug|x64
		{BF9552C3-9396-47DF-BE4A-09D1127D37C5}.Debug|x64.Build.0 = Debug|x64
		{BF9552C3-9396-47DF-BE4A-09D1127D37C5}.Debug|x86.ActiveCfg = Debug|Win32
		{BF9552C3-9396-47DF-BE4A-09D1127D37C5}.Debug|x86.Build.0 = Debug|Win32
		{BF9552C3-9396-47DF-BE4A-09D1127D37C5}.Release|x64.ActiveCfg = Release|x64
		{BF9552C3-9396-47DF-BE4A-09D1127D37C5}.Release|x64.Build.0 = Release|x64
		{BF9552C3-9396-47DF-BE4A-09D1127D37C5}.Release|x86.ActiveCfg = Release|Win32
		{BF9552C3-9396-47DF-BE4A-09D1127D37C5}.Release|x86.Build.0 = Release|Win32
		{1900D0F2-6ECB-4967-BC88-0888F82A32D6}.Debug|x64.ActiveCfg = Debug|x64
		{1900D0F2-6ECB-4967-BC88-0888F82A32D6}.Debug|x64.Build.0 = Debug|x64
		{1900D0F2-6ECB-4967-BC88-0888F82A32D6}.Debug|x86.ActiveCfg = Debug|Win32
		{1900D0F2-6ECB-4967-BC88-0888F82A32D6}.Debug|x86.Build.0 = Debug|Win32
		{1900D0F2-6ECB-4967-BC88-0888F82A32D6}.Release|x64.ActiveCfg = Release|x64
		{1900D0F2-6ECB-4967-BC88-0888F82A32D6}.Release|x64.Build.0 = Release|x64
		{1900D0F2-6ECB-4967-BC88-0888F82A32D6}.Release|x86.ActiveCfg = Release|Win32
		{1900D0F2-6ECB-4967-BC88-0888F82A32D6}.Release|x86.Build.0 = Release|Win32
	EndGlobalSection
	GlobalSection(SolutionProperties) = preSolution
		HideSolutionNode = FALSE
	EndGlobalSection
	GlobalSection(ExtensibilityGlobals) = postSolution
		SolutionGuid = {0CAC409C-43AF-4CB4-B347-0EDD0B07586A}
	EndGlobalSection
EndGlobal
