
Microsoft Visual Studio Solution File, Format Version 12.00
# Visual Studio Version 17
VisualStudioVersion = 17.10.35004.147
MinimumVisualStudioVersion = 10.0.40219.1
Project("{8BC9CEB8-8B4A-11D0-8D11-00A0C91BC942}") = "Lab3", "Lab1\Lab1.vcxproj", "{07CC5592-F40D-4493-92FC-65D8A781F653}"
EndProject
Project("{8BC9CEB8-8B4A-11D0-8D11-00A0C91BC942}") = "Lab04_1", "Lab04_1\Lab04_1.vcxproj", "{611352EE-A456-4E61-98EB-F58750BD5CF8}"
EndProject
Project("{8BC9CEB8-8B4A-11D0-8D11-00A0C91BC942}") = "Lab05_1", "Lab05_1\Lab05_1.vcxproj", "{7287979D-504A-400D-95A0-C3C47EE1DF93}"
EndProject
Project("{8BC9CEB8-8B4A-11D0-8D11-00A0C91BC942}") = "Lab11_25", "Lab11\Lab11.vcxproj", "{7E7E9840-7A3B-4F01-89D4-C52631A1F809}"
EndProject
Project("{8BC9CEB8-8B4A-11D0-8D11-00A0C91BC942}") = "datastructure", "datastructure\datastructure.vcxproj", "{3089F729-D3D7-4702-9395-B317CFFB9D32}"
EndProject
Global
	GlobalSection(SolutionConfigurationPlatforms) = preSolution
		Debug|x64 = Debug|x64
		Debug|x86 = Debug|x86
		Release|x64 = Release|x64
		Release|x86 = Release|x86
	EndGlobalSection
	GlobalSection(ProjectConfigurationPlatforms) = postSolution
		{07CC5592-F40D-4493-92FC-65D8A781F653}.Debug|x64.ActiveCfg = Debug|x64
		{07CC5592-F40D-4493-92FC-65D8A781F653}.Debug|x64.Build.0 = Debug|x64
		{07CC5592-F40D-4493-92FC-65D8A781F653}.Debug|x86.ActiveCfg = Debug|Win32
		{07CC5592-F40D-4493-92FC-65D8A781F653}.Debug|x86.Build.0 = Debug|Win32
		{07CC5592-F40D-4493-92FC-65D8A781F653}.Release|x64.ActiveCfg = Release|x64
		{07CC5592-F40D-4493-92FC-65D8A781F653}.Release|x64.Build.0 = Release|x64
		{07CC5592-F40D-4493-92FC-65D8A781F653}.Release|x86.ActiveCfg = Release|Win32
		{07CC5592-F40D-4493-92FC-65D8A781F653}.Release|x86.Build.0 = Release|Win32
		{611352EE-A456-4E61-98EB-F58750BD5CF8}.Debug|x64.ActiveCfg = Debug|x64
		{611352EE-A456-4E61-98EB-F58750BD5CF8}.Debug|x64.Build.0 = Debug|x64
		{611352EE-A456-4E61-98EB-F58750BD5CF8}.Debug|x86.ActiveCfg = Debug|Win32
		{611352EE-A456-4E61-98EB-F58750BD5CF8}.Debug|x86.Build.0 = Debug|Win32
		{611352EE-A456-4E61-98EB-F58750BD5CF8}.Release|x64.ActiveCfg = Release|x64
		{611352EE-A456-4E61-98EB-F58750BD5CF8}.Release|x64.Build.0 = Release|x64
		{611352EE-A456-4E61-98EB-F58750BD5CF8}.Release|x86.ActiveCfg = Release|Win32
		{611352EE-A456-4E61-98EB-F58750BD5CF8}.Release|x86.Build.0 = Release|Win32
		{7287979D-504A-400D-95A0-C3C47EE1DF93}.Debug|x64.ActiveCfg = Debug|x64
		{7287979D-504A-400D-95A0-C3C47EE1DF93}.Debug|x64.Build.0 = Debug|x64
		{7287979D-504A-400D-95A0-C3C47EE1DF93}.Debug|x86.ActiveCfg = Debug|Win32
		{7287979D-504A-400D-95A0-C3C47EE1DF93}.Debug|x86.Build.0 = Debug|Win32
		{7287979D-504A-400D-95A0-C3C47EE1DF93}.Release|x64.ActiveCfg = Release|x64
		{7287979D-504A-400D-95A0-C3C47EE1DF93}.Release|x64.Build.0 = Release|x64
		{7287979D-504A-400D-95A0-C3C47EE1DF93}.Release|x86.ActiveCfg = Release|Win32
		{7287979D-504A-400D-95A0-C3C47EE1DF93}.Release|x86.Build.0 = Release|Win32
		{7E7E9840-7A3B-4F01-89D4-C52631A1F809}.Debug|x64.ActiveCfg = Debug|x64
		{7E7E9840-7A3B-4F01-89D4-C52631A1F809}.Debug|x64.Build.0 = Debug|x64
		{7E7E9840-7A3B-4F01-89D4-C52631A1F809}.Debug|x86.ActiveCfg = Debug|Win32
		{7E7E9840-7A3B-4F01-89D4-C52631A1F809}.Debug|x86.Build.0 = Debug|Win32
		{7E7E9840-7A3B-4F01-89D4-C52631A1F809}.Release|x64.ActiveCfg = Release|x64
		{7E7E9840-7A3B-4F01-89D4-C52631A1F809}.Release|x64.Build.0 = Release|x64
		{7E7E9840-7A3B-4F01-89D4-C52631A1F809}.Release|x86.ActiveCfg = Release|Win32
		{7E7E9840-7A3B-4F01-89D4-C52631A1F809}.Release|x86.Build.0 = Release|Win32
		{3089F729-D3D7-4702-9395-B317CFFB9D32}.Debug|x64.ActiveCfg = Debug|x64
		{3089F729-D3D7-4702-9395-B317CFFB9D32}.Debug|x64.Build.0 = Debug|x64
		{3089F729-D3D7-4702-9395-B317CFFB9D32}.Debug|x86.ActiveCfg = Debug|Win32
		{3089F729-D3D7-4702-9395-B317CFFB9D32}.Debug|x86.Build.0 = Debug|Win32
		{3089F729-D3D7-4702-9395-B317CFFB9D32}.Release|x64.ActiveCfg = Release|x64
		{3089F729-D3D7-4702-9395-B317CFFB9D32}.Release|x64.Build.0 = Release|x64
		{3089F729-D3D7-4702-9395-B317CFFB9D32}.Release|x86.ActiveCfg = Release|Win32
		{3089F729-D3D7-4702-9395-B317CFFB9D32}.Release|x86.Build.0 = Release|Win32
	EndGlobalSection
	GlobalSection(SolutionProperties) = preSolution
		HideSolutionNode = FALSE
	EndGlobalSection
	GlobalSection(ExtensibilityGlobals) = postSolution
		SolutionGuid = {41858E96-9506-45B3-8DEF-09C1653A03D0}
	EndGlobalSection
EndGlobal
